schema: '2.0'
stages:
  data_collection:
    cmd: python src/data_collection.py
    deps:
    - path: src/data_collection.py
      hash: md5
      md5: 4d42d9ed06aa12adcdb4dffe6c3b4b4c
      size: 450
    outs:
    - path: data/raw
      hash: md5
      md5: c0c2d65c14a603e91e029fda3c344a5c.dir
      size: 522262
      nfiles: 2
  pre_processing:
    cmd: python src/data_prep.py
    deps:
    - path: data/raw
      hash: md5
      md5: c0c2d65c14a603e91e029fda3c344a5c.dir
      size: 522262
      nfiles: 2
    - path: src/data_prep.py
      hash: md5
      md5: 984d8e9cd5dfdd30a142825dc9101d2b
      size: 759
    outs:
    - path: data/processed
      hash: md5
      md5: 09d7d1468d5c1e6739769af7e3154438.dir
      size: 546137
      nfiles: 2
  model_building:
    cmd: python src/model_building.py
    deps:
    - path: data/processed
      hash: md5
      md5: 09d7d1468d5c1e6739769af7e3154438.dir
      size: 546137
      nfiles: 2
    - path: src/model_building.py
      hash: md5
      md5: bea7e0c0ec270628bf2f7f51eebd64b1
      size: 478
    outs:
    - path: model.pkl
      hash: md5
      md5: 0676398037f406901ccac8f7435c1232
      size: 7368466
  model_eval:
    cmd: python src/model_eval.py
    deps:
    - path: model.pkl
      hash: md5
      md5: 0676398037f406901ccac8f7435c1232
      size: 7368466
    - path: src/model_eval.py
      hash: md5
      md5: 7895182ebcd34c47b4655bdac699d0e6
      size: 744
    outs:
    - path: metrics.json
      hash: md5
      md5: 179c67f243ef23ae544725d25a0a0bca
      size: 151
