schema: '2.0'
stages:
  data_collection:
    cmd: python src/data_collection.py
    deps:
    - path: src/data_collection.py
      hash: md5
      md5: e0e453203a72955403182debbbc1cfe0
      size: 1906
    params:
      params.yaml:
        data_collection.test_size: 0.2
    outs:
    - path: data/raw
      hash: md5
      md5: c0c2d65c14a603e91e029fda3c344a5c.dir
      size: 522262
      nfiles: 2
  pre_processing:
    cmd: python src/data_prep.py
    deps:
    - path: data/raw
      hash: md5
      md5: c0c2d65c14a603e91e029fda3c344a5c.dir
      size: 522262
      nfiles: 2
    - path: src/data_prep.py
      hash: md5
      md5: a10fc7e9d9cbaa93d303d44b1bab22c3
      size: 1824
    outs:
    - path: data/processed
      hash: md5
      md5: 09d7d1468d5c1e6739769af7e3154438.dir
      size: 546137
      nfiles: 2
  model_building:
    cmd: python src/model_building.py
    deps:
    - path: data/processed
      hash: md5
      md5: 09d7d1468d5c1e6739769af7e3154438.dir
      size: 546137
      nfiles: 2
    - path: src/model_building.py
      hash: md5
      md5: 918ef60fd705750b2aefacd5315252ff
      size: 2380
    params:
      params.yaml:
        model_building.n_estimators: 100
    outs:
    - path: model.pkl
      hash: md5
      md5: ad1e3e9b3f01721b0d5f16a1ed1f3574
      size: 7365746
  model_eval:
    cmd: python src/model_eval.py
    deps:
    - path: model.pkl
      hash: md5
      md5: ad1e3e9b3f01721b0d5f16a1ed1f3574
      size: 7365746
    - path: src/model_eval.py
      hash: md5
      md5: dc7c575a74370c4fd47c9592a4adb96c
      size: 2474
    outs:
    - path: metrics.json
      hash: md5
      md5: 38773fda36300d1b7f2a6ce2803fdc81
      size: 149
