schema: '2.0'
stages:
  data_collection:
    cmd: python src/data_collection.py
    deps:
    - path: src/data_collection.py
      hash: md5
      md5: 43d7c6a89b1c1051f885042e818b05c1
      size: 552
    params:
      params.yaml:
        data_collection.test_size: 0.2
    outs:
    - path: data/raw
      hash: md5
      md5: c0c2d65c14a603e91e029fda3c344a5c.dir
      size: 522262
      nfiles: 2
  pre_processing:
    cmd: python src/data_prep.py
    deps:
    - path: data/raw
      hash: md5
      md5: c0c2d65c14a603e91e029fda3c344a5c.dir
      size: 522262
      nfiles: 2
    - path: src/data_prep.py
      hash: md5
      md5: 984d8e9cd5dfdd30a142825dc9101d2b
      size: 759
    outs:
    - path: data/processed
      hash: md5
      md5: 09d7d1468d5c1e6739769af7e3154438.dir
      size: 546137
      nfiles: 2
  model_building:
    cmd: python src/model_building.py
    deps:
    - path: data/processed
      hash: md5
      md5: 09d7d1468d5c1e6739769af7e3154438.dir
      size: 546137
      nfiles: 2
    - path: src/model_building.py
      hash: md5
      md5: 6b0dbece8641eaf7ae8d63e5f9c5f5c4
      size: 608
    params:
      params.yaml:
        model_building.n_estimators: 100
    outs:
    - path: model.pkl
      hash: md5
      md5: 287ce43ca38fa6bfb57c55f94ea83f3a
      size: 7373426
  model_eval:
    cmd: python src/model_eval.py
    deps:
    - path: model.pkl
      hash: md5
      md5: 287ce43ca38fa6bfb57c55f94ea83f3a
      size: 7373426
    - path: src/model_eval.py
      hash: md5
      md5: 7895182ebcd34c47b4655bdac699d0e6
      size: 744
    outs:
    - path: metrics.json
      hash: md5
      md5: f0aec64d28e01ae1261378934ca97b05
      size: 123
